
Microsoft Visual Studio Solution File, Format Version 12.00
# Visual Studio Version 17
VisualStudioVersion = 17.4.33213.308
MinimumVisualStudioVersion = 10.0.40219.1
Project("{FAE04EC0-301F-11D3-BF4B-00C04F79EFBC}") = "CarClassLibrary", "CarClassLibrary\CarClassLibrary.csproj", "{01DC2E37-7F2F-4276-9699-607121DB3CA8}"
EndProject
Project("{FAE04EC0-301F-11D3-BF4B-00C04F79EFBC}") = "CarShopConsoleApp", "CarShopConsoleApp\CarShopConsoleApp.csproj", "{62FFBAA9-8F93-46D0-81CA-7168392794EE}"
EndProject
Global
	GlobalSection(SolutionConfigurationPlatforms) = preSolution
		Debug|Any CPU = Debug|Any CPU
		Release|Any CPU = Release|Any CPU
	EndGlobalSection
	GlobalSection(ProjectConfigurationPlatforms) = postSolution
		{01DC2E37-7F2F-4276-9699-607121DB3CA8}.Debug|Any CPU.ActiveCfg = Debug|Any CPU
		{01DC2E37-7F2F-4276-9699-607121DB3CA8}.Debug|Any CPU.Build.0 = Debug|Any CPU
		{01DC2E37-7F2F-4276-9699-607121DB3CA8}.Release|Any CPU.ActiveCfg = Release|Any CPU
		{01DC2E37-7F2F-4276-9699-607121DB3CA8}.Release|Any CPU.Build.0 = Release|Any CPU
		{62FFBAA9-8F93-46D0-81CA-7168392794EE}.Debug|Any CPU.ActiveCfg = Debug|Any CPU
		{62FFBAA9-8F93-46D0-81CA-7168392794EE}.Debug|Any CPU.Build.0 = Debug|Any CPU
		{62FFBAA9-8F93-46D0-81CA-7168392794EE}.Release|Any CPU.ActiveCfg = Release|Any CPU
		{62FFBAA9-8F93-46D0-81CA-7168392794EE}.Release|Any CPU.Build.0 = Release|Any CPU
	EndGlobalSection
	GlobalSection(SolutionProperties) = preSolution
		HideSolutionNode = FALSE
	EndGlobalSection
	GlobalSection(ExtensibilityGlobals) = postSolution
		SolutionGuid = {2A7A9F23-F3FB-4657-A98F-D63166C804D1}
	EndGlobalSection
EndGlobal
